
Microsoft Visual Studio Solution File, Format Version 12.00
# Visual Studio Version 17
VisualStudioVersion = 17.0.32112.339
MinimumVisualStudioVersion = 10.0.40219.1
Project("{9A19103F-16F7-4668-BE54-9A1E7A4F7556}") = "ProjectEverything", "ProjectEverything\ProjectEverything.csproj", "{5E193EE4-F32E-43CC-9C0C-2D2F5F1889FB}"
EndProject
Project("{FAE04EC0-301F-11D3-BF4B-00C04F79EFBC}") = "DataBaseEverything", "DataBaseEverything\DataBaseEverything.csproj", "{76F4612B-64C7-40C8-9657-A8375E99DE7D}"
EndProject
Global
	GlobalSection(SolutionConfigurationPlatforms) = preSolution
		Debug|Any CPU = Debug|Any CPU
		Release|Any CPU = Release|Any CPU
	EndGlobalSection
	GlobalSection(ProjectConfigurationPlatforms) = postSolution
		{5E193EE4-F32E-43CC-9C0C-2D2F5F1889FB}.Debug|Any CPU.ActiveCfg = Debug|Any CPU
		{5E193EE4-F32E-43CC-9C0C-2D2F5F1889FB}.Debug|Any CPU.Build.0 = Debug|Any CPU
		{5E193EE4-F32E-43CC-9C0C-2D2F5F1889FB}.Release|Any CPU.ActiveCfg = Release|Any CPU
		{5E193EE4-F32E-43CC-9C0C-2D2F5F1889FB}.Release|Any CPU.Build.0 = Release|Any CPU
		{76F4612B-64C7-40C8-9657-A8375E99DE7D}.Debug|Any CPU.ActiveCfg = Debug|Any CPU
		{76F4612B-64C7-40C8-9657-A8375E99DE7D}.Debug|Any CPU.Build.0 = Debug|Any CPU
		{76F4612B-64C7-40C8-9657-A8375E99DE7D}.Release|Any CPU.ActiveCfg = Release|Any CPU
		{76F4612B-64C7-40C8-9657-A8375E99DE7D}.Release|Any CPU.Build.0 = Release|Any CPU
	EndGlobalSection
	GlobalSection(SolutionProperties) = preSolution
		HideSolutionNode = FALSE
	EndGlobalSection
	GlobalSection(ExtensibilityGlobals) = postSolution
		SolutionGuid = {5434FF06-350B-4EB4-9B13-4DC078994AA6}
	EndGlobalSection
EndGlobal
